
Microsoft Visual Studio Solution File, Format Version 12.00
# Visual Studio Version 17
VisualStudioVersion = 17.10.35004.147
MinimumVisualStudioVersion = 10.0.40219.1
Project("{9A19103F-16F7-4668-BE54-9A1E7A4F7556}") = "ApiUsuariosKRT", "ApiUsuariosKRT.csproj", "{FCAA4423-D60C-451E-8514-DA4B91FC8DD3}"
EndProject
Project("{9A19103F-16F7-4668-BE54-9A1E7A4F7556}") = "ApiUsuarioKRT.Tests", "..\ApiUsuarioKRT.Tests\ApiUsuarioKRT.Tests.csproj", "{B818FBC4-7F22-4B04-AD1F-F065A9EF85CC}"
	ProjectSection(ProjectDependencies) = postProject
		{FCAA4423-D60C-451E-8514-DA4B91FC8DD3} = {FCAA4423-D60C-451E-8514-DA4B91FC8DD3}
	EndProjectSection
EndProject
Global
	GlobalSection(SolutionConfigurationPlatforms) = preSolution
		Debug|Any CPU = Debug|Any CPU
		Release|Any CPU = Release|Any CPU
	EndGlobalSection
	GlobalSection(ProjectConfigurationPlatforms) = postSolution
		{FCAA4423-D60C-451E-8514-DA4B91FC8DD3}.Debug|Any CPU.ActiveCfg = Debug|Any CPU
		{FCAA4423-D60C-451E-8514-DA4B91FC8DD3}.Debug|Any CPU.Build.0 = Debug|Any CPU
		{FCAA4423-D60C-451E-8514-DA4B91FC8DD3}.Release|Any CPU.ActiveCfg = Release|Any CPU
		{FCAA4423-D60C-451E-8514-DA4B91FC8DD3}.Release|Any CPU.Build.0 = Release|Any CPU
		{B818FBC4-7F22-4B04-AD1F-F065A9EF85CC}.Debug|Any CPU.ActiveCfg = Debug|Any CPU
		{B818FBC4-7F22-4B04-AD1F-F065A9EF85CC}.Debug|Any CPU.Build.0 = Debug|Any CPU
		{B818FBC4-7F22-4B04-AD1F-F065A9EF85CC}.Release|Any CPU.ActiveCfg = Release|Any CPU
		{B818FBC4-7F22-4B04-AD1F-F065A9EF85CC}.Release|Any CPU.Build.0 = Release|Any CPU
	EndGlobalSection
	GlobalSection(SolutionProperties) = preSolution
		HideSolutionNode = FALSE
	EndGlobalSection
	GlobalSection(ExtensibilityGlobals) = postSolution
		SolutionGuid = {2C71C0E6-A946-49C1-9FB3-78987CCEED30}
	EndGlobalSection
EndGlobal
